
Microsoft Visual Studio Solution File, Format Version 12.00
# Visual Studio Version 16
VisualStudioVersion = 16.0.31605.320
MinimumVisualStudioVersion = 10.0.40219.1
Project("{FAE04EC0-301F-11D3-BF4B-00C04F79EFBC}") = "CRUDApp", "CRUDApp\CRUDApp.csproj", "{51E99EC2-C76F-4F32-A318-AE82BC0A3B08}"
EndProject
Global
	GlobalSection(SolutionConfigurationPlatforms) = preSolution
		Debug|Any CPU = Debug|Any CPU
		Release|Any CPU = Release|Any CPU
	EndGlobalSection
	GlobalSection(ProjectConfigurationPlatforms) = postSolution
		{51E99EC2-C76F-4F32-A318-AE82BC0A3B08}.Debug|Any CPU.ActiveCfg = Debug|Any CPU
		{51E99EC2-C76F-4F32-A318-AE82BC0A3B08}.Debug|Any CPU.Build.0 = Debug|Any CPU
		{51E99EC2-C76F-4F32-A318-AE82BC0A3B08}.Release|Any CPU.ActiveCfg = Release|Any CPU
		{51E99EC2-C76F-4F32-A318-AE82BC0A3B08}.Release|Any CPU.Build.0 = Release|Any CPU
	EndGlobalSection
	GlobalSection(SolutionProperties) = preSolution
		HideSolutionNode = FALSE
	EndGlobalSection
	GlobalSection(ExtensibilityGlobals) = postSolution
		SolutionGuid = {6F02F06C-E04D-455C-9879-87B5988273F4}
	EndGlobalSection
EndGlobal
